
Microsoft Visual Studio Solution File, Format Version 12.00
# Visual Studio Version 16
VisualStudioVersion = 16.0.33529.622
MinimumVisualStudioVersion = 10.0.40219.1
Project("{FAE04EC0-301F-11D3-BF4B-00C04F79EFBC}") = "Delivery_client", "Delivery_client\Delivery_client.csproj", "{48BD6E53-9A9A-4E62-8D3A-B9546AB90FE9}"
EndProject
Global
	GlobalSection(SolutionConfigurationPlatforms) = preSolution
		Debug|Any CPU = Debug|Any CPU
		Release|Any CPU = Release|Any CPU
	EndGlobalSection
	GlobalSection(ProjectConfigurationPlatforms) = postSolution
		{48BD6E53-9A9A-4E62-8D3A-B9546AB90FE9}.Debug|Any CPU.ActiveCfg = Debug|Any CPU
		{48BD6E53-9A9A-4E62-8D3A-B9546AB90FE9}.Debug|Any CPU.Build.0 = Debug|Any CPU
		{48BD6E53-9A9A-4E62-8D3A-B9546AB90FE9}.Release|Any CPU.ActiveCfg = Release|Any CPU
		{48BD6E53-9A9A-4E62-8D3A-B9546AB90FE9}.Release|Any CPU.Build.0 = Release|Any CPU
	EndGlobalSection
	GlobalSection(SolutionProperties) = preSolution
		HideSolutionNode = FALSE
	EndGlobalSection
	GlobalSection(ExtensibilityGlobals) = postSolution
		SolutionGuid = {9EC57CD4-BEED-4CB5-AE75-13BD80123A49}
	EndGlobalSection
EndGlobal
